
Microsoft Visual Studio Solution File, Format Version 12.00
# Visual Studio Version 17
VisualStudioVersion = 17.8.34330.188
MinimumVisualStudioVersion = 10.0.40219.1
Project("{FAE04EC0-301F-11D3-BF4B-00C04F79EFBC}") = "GameLib.Core", "GameLib.Core\GameLib.Core.csproj", "{A795A9A4-DD11-45EA-8E68-7BF4DFBF55FB}"
EndProject
Global
	GlobalSection(SolutionConfigurationPlatforms) = preSolution
		Debug|Any CPU = Debug|Any CPU
		Release|Any CPU = Release|Any CPU
	EndGlobalSection
	GlobalSection(ProjectConfigurationPlatforms) = postSolution
		{A795A9A4-DD11-45EA-8E68-7BF4DFBF55FB}.Debug|Any CPU.ActiveCfg = Debug|Any CPU
		{A795A9A4-DD11-45EA-8E68-7BF4DFBF55FB}.Debug|Any CPU.Build.0 = Debug|Any CPU
		{A795A9A4-DD11-45EA-8E68-7BF4DFBF55FB}.Release|Any CPU.ActiveCfg = Release|Any CPU
		{A795A9A4-DD11-45EA-8E68-7BF4DFBF55FB}.Release|Any CPU.Build.0 = Release|Any CPU
	EndGlobalSection
	GlobalSection(SolutionProperties) = preSolution
		HideSolutionNode = FALSE
	EndGlobalSection
	GlobalSection(ExtensibilityGlobals) = postSolution
		SolutionGuid = {0F2BC6EC-5365-4221-8F46-E19215FA299A}
	EndGlobalSection
EndGlobal
